{
    "requires": true,
    "lockfileVersion": 1,
    "dependencies": {
        "is-in-viewport": {
            "version": "3.0.0",
            "resolved": "https://registry.npmjs.org/is-in-viewport/-/is-in-viewport-3.0.0.tgz",
            "integrity": "sha1-dxhnFsIdvloWVRfYUr0zLbvN4qI="
        }
    }
}
